<?xml version="1.0" encoding="utf-8"?>
<Project ToolsVersion="4.0" xmlns="http://schemas.microsoft.com/developer/msbuild/2003">
  <ItemGroup>
    <Filter Include="Above">
      <UniqueIdentifier>{D2DDCE0C-3EF2-F6BD-0774-9A1D7347F3EE}</UniqueIdentifier>
    </Filter>
    <Filter Include="Above\Events">
      <UniqueIdentifier>{76894A47-62EC-D9EB-0B72-12A2F7B3A56E}</UniqueIdentifier>
    </Filter>
    <Filter Include="Above\ImGui">
      <UniqueIdentifier>{7CE80E8E-E89D-8783-7192-815ADD467E87}</UniqueIdentifier>
    </Filter>
    <Filter Include="Platform">
      <UniqueIdentifier>{2AC788B4-1694-E3BF-3FAD-D1672BD9184E}</UniqueIdentifier>
    </Filter>
    <Filter Include="Platform\OpenGL">
      <UniqueIdentifier>{1E7D2C1D-8A08-9AE1-9319-1DD6FF23F6E1}</UniqueIdentifier>
    </Filter>
    <Filter Include="Platform\Windows">
      <UniqueIdentifier>{64FBD71A-50F4-F66C-7926-DCF1657ED678}</UniqueIdentifier>
    </Filter>
  </ItemGroup>
  <ItemGroup>
    <ClInclude Include="src\Above.h" />
    <ClInclude Include="src\Above\Application.h">
      <Filter>Above</Filter>
    </ClInclude>
    <ClInclude Include="src\Above\Core.h">
      <Filter>Above</Filter>
    </ClInclude>
    <ClInclude Include="src\Above\EntryPoint.h">
      <Filter>Above</Filter>
    </ClInclude>
    <ClInclude Include="src\Above\Events\ApplicationEvent.h">
      <Filter>Above\Events</Filter>
    </ClInclude>
    <ClInclude Include="src\Above\Events\Event.h">
      <Filter>Above\Events</Filter>
    </ClInclude>
    <ClInclude Include="src\Above\Events\KeyEvent.h">
      <Filter>Above\Events</Filter>
    </ClInclude>
    <ClInclude Include="src\Above\Events\MouseEvent.h">
      <Filter>Above\Events</Filter>
    </ClInclude>
    <ClInclude Include="src\Above\ImGui\ImGuiLayer.h">
      <Filter>Above\ImGui</Filter>
    </ClInclude>
    <ClInclude Include="src\Above\Layer.h">
      <Filter>Above</Filter>
    </ClInclude>
    <ClInclude Include="src\Above\LayerStack.h">
      <Filter>Above</Filter>
    </ClInclude>
    <ClInclude Include="src\Above\Log.h">
      <Filter>Above</Filter>
    </ClInclude>
    <ClInclude Include="src\Above\Window.h">
      <Filter>Above</Filter>
    </ClInclude>
    <ClInclude Include="src\Platform\OpenGL\ImGuiOpenGLRenderer.h">
      <Filter>Platform\OpenGL</Filter>
    </ClInclude>
    <ClInclude Include="src\Platform\OpenGL\ImGuiOpenGlLoader.h">
      <Filter>Platform\OpenGL</Filter>
    </ClInclude>
    <ClInclude Include="src\Platform\Windows\WindowsWindow.h">
      <Filter>Platform\Windows</Filter>
    </ClInclude>
    <ClInclude Include="src\abpch.h" />
    <ClInclude Include="src\Above\Input.h" />
    <ClInclude Include="src\Platform\Windows\WindowsInput.h" />
    <ClInclude Include="src\Above\Keycodes.h" />
    <ClInclude Include="src\Above\MouseButtonCodes.h" />
  </ItemGroup>
  <ItemGroup>
    <ClCompile Include="src\Above\Application.cpp">
      <Filter>Above</Filter>
    </ClCompile>
    <ClCompile Include="src\Above\ImGui\ImGuiLayer.cpp">
      <Filter>Above\ImGui</Filter>
    </ClCompile>
    <ClCompile Include="src\Above\Layer.cpp">
      <Filter>Above</Filter>
    </ClCompile>
    <ClCompile Include="src\Above\LayerStack.cpp">
      <Filter>Above</Filter>
    </ClCompile>
    <ClCompile Include="src\Above\Log.cpp">
      <Filter>Above</Filter>
    </ClCompile>
    <ClCompile Include="src\Platform\OpenGL\ImGuiOpenGLRenderer.cpp">
      <Filter>Platform\OpenGL</Filter>
    </ClCompile>
    <ClCompile Include="src\Platform\OpenGL\ImGuiOpenGlLoader.cpp">
      <Filter>Platform\OpenGL</Filter>
    </ClCompile>
    <ClCompile Include="src\Platform\Windows\WindowsWindow.cpp">
      <Filter>Platform\Windows</Filter>
    </ClCompile>
    <ClCompile Include="src\abpch.cpp" />
    <ClCompile Include="src\Platform\Windows\WindowsInput.cpp" />
  </ItemGroup>
</Project>